
Microsoft Visual Studio Solution File, Format Version 12.00
# Visual Studio Version 17
VisualStudioVersion = 17.8.34330.188
MinimumVisualStudioVersion = 10.0.40219.1
Project("{FAE04EC0-301F-11D3-BF4B-00C04F79EFBC}") = "Kokarev KR", "Kokarev KR.csproj", "{B43F6C98-3829-442B-9FD1-7ACD94F32DCE}"
EndProject
Global
	GlobalSection(SolutionConfigurationPlatforms) = preSolution
		Debug|Any CPU = Debug|Any CPU
		Release|Any CPU = Release|Any CPU
	EndGlobalSection
	GlobalSection(ProjectConfigurationPlatforms) = postSolution
		{B43F6C98-3829-442B-9FD1-7ACD94F32DCE}.Debug|Any CPU.ActiveCfg = Debug|Any CPU
		{B43F6C98-3829-442B-9FD1-7ACD94F32DCE}.Debug|Any CPU.Build.0 = Debug|Any CPU
		{B43F6C98-3829-442B-9FD1-7ACD94F32DCE}.Release|Any CPU.ActiveCfg = Release|Any CPU
		{B43F6C98-3829-442B-9FD1-7ACD94F32DCE}.Release|Any CPU.Build.0 = Release|Any CPU
	EndGlobalSection
	GlobalSection(SolutionProperties) = preSolution
		HideSolutionNode = FALSE
	EndGlobalSection
	GlobalSection(ExtensibilityGlobals) = postSolution
		SolutionGuid = {E005E221-155C-4E71-A04C-C0CA6BBE2CFD}
	EndGlobalSection
EndGlobal
